
Microsoft Visual Studio Solution File, Format Version 12.00
# Visual Studio Version 17
VisualStudioVersion = 17.10.35122.118
MinimumVisualStudioVersion = 10.0.40219.1
Project("{FAE04EC0-301F-11D3-BF4B-00C04F79EFBC}") = "TrekhubMiddlebydotnet", "TrekhubMiddlebydotnet\TrekhubMiddlebydotnet.csproj", "{D042E913-AE0D-428C-990E-EB506AC80529}"
EndProject
Global
	GlobalSection(SolutionConfigurationPlatforms) = preSolution
		Debug|Any CPU = Debug|Any CPU
		Release|Any CPU = Release|Any CPU
	EndGlobalSection
	GlobalSection(ProjectConfigurationPlatforms) = postSolution
		{D042E913-AE0D-428C-990E-EB506AC80529}.Debug|Any CPU.ActiveCfg = Debug|Any CPU
		{D042E913-AE0D-428C-990E-EB506AC80529}.Debug|Any CPU.Build.0 = Debug|Any CPU
		{D042E913-AE0D-428C-990E-EB506AC80529}.Release|Any CPU.ActiveCfg = Release|Any CPU
		{D042E913-AE0D-428C-990E-EB506AC80529}.Release|Any CPU.Build.0 = Release|Any CPU
	EndGlobalSection
	GlobalSection(SolutionProperties) = preSolution
		HideSolutionNode = FALSE
	EndGlobalSection
	GlobalSection(ExtensibilityGlobals) = postSolution
		SolutionGuid = {72457137-5BE6-4866-B3FD-76E8E2C954B5}
	EndGlobalSection
EndGlobal
